
Microsoft Visual Studio Solution File, Format Version 12.00
# Visual Studio Version 16
VisualStudioVersion = 16.0.30413.136
MinimumVisualStudioVersion = 10.0.40219.1
Project("{9A19103F-16F7-4668-BE54-9A1E7A4F7556}") = "HoneyBadgr", "HoneyBadgr\HoneyBadgr.csproj", "{EA6BE708-A883-4809-A5D7-68769B28A9CC}"
EndProject
Project("{FAE04EC0-301F-11D3-BF4B-00C04F79EFBC}") = "HoneyBadgrTest", "HoneyBadgrTest\HoneyBadgrTest.csproj", "{EE7D77C2-9FC4-4554-9066-5230B9BF852E}"
EndProject
Global
	GlobalSection(SolutionConfigurationPlatforms) = preSolution
		Debug|Any CPU = Debug|Any CPU
		Release|Any CPU = Release|Any CPU
	EndGlobalSection
	GlobalSection(ProjectConfigurationPlatforms) = postSolution
		{EA6BE708-A883-4809-A5D7-68769B28A9CC}.Debug|Any CPU.ActiveCfg = Debug|Any CPU
		{EA6BE708-A883-4809-A5D7-68769B28A9CC}.Debug|Any CPU.Build.0 = Debug|Any CPU
		{EA6BE708-A883-4809-A5D7-68769B28A9CC}.Release|Any CPU.ActiveCfg = Release|Any CPU
		{EA6BE708-A883-4809-A5D7-68769B28A9CC}.Release|Any CPU.Build.0 = Release|Any CPU
		{EE7D77C2-9FC4-4554-9066-5230B9BF852E}.Debug|Any CPU.ActiveCfg = Debug|Any CPU
		{EE7D77C2-9FC4-4554-9066-5230B9BF852E}.Debug|Any CPU.Build.0 = Debug|Any CPU
		{EE7D77C2-9FC4-4554-9066-5230B9BF852E}.Release|Any CPU.ActiveCfg = Release|Any CPU
		{EE7D77C2-9FC4-4554-9066-5230B9BF852E}.Release|Any CPU.Build.0 = Release|Any CPU
	EndGlobalSection
	GlobalSection(SolutionProperties) = preSolution
		HideSolutionNode = FALSE
	EndGlobalSection
	GlobalSection(ExtensibilityGlobals) = postSolution
		SolutionGuid = {320D4F5B-D45A-433F-9551-FFCC4783FDDE}
	EndGlobalSection
EndGlobal
